// !$*UTF8*$!
{
	archiveVersion = 1;
	classes = {
	};
	objectVersion = 55;
	objects = {

/* Begin PBXBuildFile section */
		6765582628979D13006F3607 /* UserDefaultsManager.swift in Sources */ = {isa = PBXBuildFile; fileRef = 6765582528979D13006F3607 /* UserDefaultsManager.swift */; };
		677AD91628978CDA007966A0 /* ReuseableViewProtocol.swift in Sources */ = {isa = PBXBuildFile; fileRef = 677AD91528978CDA007966A0 /* ReuseableViewProtocol.swift */; };
		67BBFC1A288D65FE00D3816B /* SettingTableViewController.swift in Sources */ = {isa = PBXBuildFile; fileRef = 67BBFC19288D65FE00D3816B /* SettingTableViewController.swift */; };
		67BBFC1C288D6EDD00D3816B /* NickNameSettingViewController.swift in Sources */ = {isa = PBXBuildFile; fileRef = 67BBFC1B288D6EDD00D3816B /* NickNameSettingViewController.swift */; };
		67C10A08288CC7B5006C2D6C /* UITextField+Extension.swift in Sources */ = {isa = PBXBuildFile; fileRef = 67C10A07288CC7B5006C2D6C /* UITextField+Extension.swift */; };
		67C10A0A288CEC87006C2D6C /* UIButton+Extension.swift in Sources */ = {isa = PBXBuildFile; fileRef = 67C10A09288CEC87006C2D6C /* UIButton+Extension.swift */; };
		67C10A0D288D1053006C2D6C /* Toast in Frameworks */ = {isa = PBXBuildFile; productRef = 67C10A0C288D1053006C2D6C /* Toast */; };
		67C10A12288D3084006C2D6C /* IQKeyboardManagerSwift in Frameworks */ = {isa = PBXBuildFile; productRef = 67C10A11288D3084006C2D6C /* IQKeyboardManagerSwift */; };
		67C10A14288D32E3006C2D6C /* DamagochiTalk.swift in Sources */ = {isa = PBXBuildFile; fileRef = 67C10A13288D32E3006C2D6C /* DamagochiTalk.swift */; };
		67D608D0288B854E008BFB3B /* StartPopupViewController.swift in Sources */ = {isa = PBXBuildFile; fileRef = 67D608CF288B854E008BFB3B /* StartPopupViewController.swift */; };
		67D608D2288B8B11008BFB3B /* UILabel+Extension.swift in Sources */ = {isa = PBXBuildFile; fileRef = 67D608D1288B8B11008BFB3B /* UILabel+Extension.swift */; };
		67D608D4288C95EA008BFB3B /* MainViewController.swift in Sources */ = {isa = PBXBuildFile; fileRef = 67D608D3288C95EA008BFB3B /* MainViewController.swift */; };
		67E59911288AA8EF00F0C676 /* AppDelegate.swift in Sources */ = {isa = PBXBuildFile; fileRef = 67E59910288AA8EF00F0C676 /* AppDelegate.swift */; };
		67E59913288AA8EF00F0C676 /* SceneDelegate.swift in Sources */ = {isa = PBXBuildFile; fileRef = 67E59912288AA8EF00F0C676 /* SceneDelegate.swift */; };
		67E59918288AA8EF00F0C676 /* Main.storyboard in Resources */ = {isa = PBXBuildFile; fileRef = 67E59916288AA8EF00F0C676 /* Main.storyboard */; };
		67E5991A288AA8F100F0C676 /* Assets.xcassets in Resources */ = {isa = PBXBuildFile; fileRef = 67E59919288AA8F100F0C676 /* Assets.xcassets */; };
		67E5991D288AA8F100F0C676 /* LaunchScreen.storyboard in Resources */ = {isa = PBXBuildFile; fileRef = 67E5991B288AA8F100F0C676 /* LaunchScreen.storyboard */; };
		67E59925288AACD100F0C676 /* SelectCollectionViewController.swift in Sources */ = {isa = PBXBuildFile; fileRef = 67E59924288AACD100F0C676 /* SelectCollectionViewController.swift */; };
		67E59929288AB7B300F0C676 /* SelectCollectionViewCell.swift in Sources */ = {isa = PBXBuildFile; fileRef = 67E59928288AB7B300F0C676 /* SelectCollectionViewCell.swift */; };
		67E5992B288AC38E00F0C676 /* Damagochi.swift in Sources */ = {isa = PBXBuildFile; fileRef = 67E5992A288AC38E00F0C676 /* Damagochi.swift */; };
		67E5992E288AC57500F0C676 /* DamagochiInfo.swift in Sources */ = {isa = PBXBuildFile; fileRef = 67E5992D288AC57500F0C676 /* DamagochiInfo.swift */; };
		67E59930288ACB5100F0C676 /* ColorSet.swift in Sources */ = {isa = PBXBuildFile; fileRef = 67E5992F288ACB5100F0C676 /* ColorSet.swift */; };
/* End PBXBuildFile section */

/* Begin PBXFileReference section */
		6765582528979D13006F3607 /* UserDefaultsManager.swift */ = {isa = PBXFileReference; lastKnownFileType = sourcecode.swift; path = UserDefaultsManager.swift; sourceTree = "<group>"; };
		677AD91528978CDA007966A0 /* ReuseableViewProtocol.swift */ = {isa = PBXFileReference; lastKnownFileType = sourcecode.swift; path = ReuseableViewProtocol.swift; sourceTree = "<group>"; };
		67BBFC19288D65FE00D3816B /* SettingTableViewController.swift */ = {isa = PBXFileReference; lastKnownFileType = sourcecode.swift; path = SettingTableViewController.swift; sourceTree = "<group>"; };
		67BBFC1B288D6EDD00D3816B /* NickNameSettingViewController.swift */ = {isa = PBXFileReference; lastKnownFileType = sourcecode.swift; path = NickNameSettingViewController.swift; sourceTree = "<group>"; };
		67C10A07288CC7B5006C2D6C /* UITextField+Extension.swift */ = {isa = PBXFileReference; lastKnownFileType = sourcecode.swift; path = "UITextField+Extension.swift"; sourceTree = "<group>"; };
		67C10A09288CEC87006C2D6C /* UIButton+Extension.swift */ = {isa = PBXFileReference; lastKnownFileType = sourcecode.swift; path = "UIButton+Extension.swift"; sourceTree = "<group>"; };
		67C10A13288D32E3006C2D6C /* DamagochiTalk.swift */ = {isa = PBXFileReference; lastKnownFileType = sourcecode.swift; path = DamagochiTalk.swift; sourceTree = "<group>"; };
		67D608CF288B854E008BFB3B /* StartPopupViewController.swift */ = {isa = PBXFileReference; lastKnownFileType = sourcecode.swift; path = StartPopupViewController.swift; sourceTree = "<group>"; };
		67D608D1288B8B11008BFB3B /* UILabel+Extension.swift */ = {isa = PBXFileReference; lastKnownFileType = sourcecode.swift; path = "UILabel+Extension.swift"; sourceTree = "<group>"; };
		67D608D3288C95EA008BFB3B /* MainViewController.swift */ = {isa = PBXFileReference; lastKnownFileType = sourcecode.swift; path = MainViewController.swift; sourceTree = "<group>"; };
		67E5990D288AA8EF00F0C676 /* Damagochi.app */ = {isa = PBXFileReference; explicitFileType = wrapper.application; includeInIndex = 0; path = Damagochi.app; sourceTree = BUILT_PRODUCTS_DIR; };
		67E59910288AA8EF00F0C676 /* AppDelegate.swift */ = {isa = PBXFileReference; lastKnownFileType = sourcecode.swift; path = AppDelegate.swift; sourceTree = "<group>"; };
		67E59912288AA8EF00F0C676 /* SceneDelegate.swift */ = {isa = PBXFileReference; lastKnownFileType = sourcecode.swift; path = SceneDelegate.swift; sourceTree = "<group>"; };
		67E59917288AA8EF00F0C676 /* Base */ = {isa = PBXFileReference; lastKnownFileType = file.storyboard; name = Base; path = Base.lproj/Main.storyboard; sourceTree = "<group>"; };
		67E59919288AA8F100F0C676 /* Assets.xcassets */ = {isa = PBXFileReference; lastKnownFileType = folder.assetcatalog; path = Assets.xcassets; sourceTree = "<group>"; };
		67E5991C288AA8F100F0C676 /* Base */ = {isa = PBXFileReference; lastKnownFileType = file.storyboard; name = Base; path = Base.lproj/LaunchScreen.storyboard; sourceTree = "<group>"; };
		67E5991E288AA8F100F0C676 /* Info.plist */ = {isa = PBXFileReference; lastKnownFileType = text.plist.xml; path = Info.plist; sourceTree = "<group>"; };
		67E59924288AACD100F0C676 /* SelectCollectionViewController.swift */ = {isa = PBXFileReference; lastKnownFileType = sourcecode.swift; path = SelectCollectionViewController.swift; sourceTree = "<group>"; };
		67E59928288AB7B300F0C676 /* SelectCollectionViewCell.swift */ = {isa = PBXFileReference; lastKnownFileType = sourcecode.swift; path = SelectCollectionViewCell.swift; sourceTree = "<group>"; };
		67E5992A288AC38E00F0C676 /* Damagochi.swift */ = {isa = PBXFileReference; lastKnownFileType = sourcecode.swift; path = Damagochi.swift; sourceTree = "<group>"; };
		67E5992D288AC57500F0C676 /* DamagochiInfo.swift */ = {isa = PBXFileReference; lastKnownFileType = sourcecode.swift; path = DamagochiInfo.swift; sourceTree = "<group>"; };
		67E5992F288ACB5100F0C676 /* ColorSet.swift */ = {isa = PBXFileReference; lastKnownFileType = sourcecode.swift; path = ColorSet.swift; sourceTree = "<group>"; };
/* End PBXFileReference section */

/* Begin PBXFrameworksBuildPhase section */
		67E5990A288AA8EF00F0C676 /* Frameworks */ = {
			isa = PBXFrameworksBuildPhase;
			buildActionMask = 2147483647;
			files = (
				67C10A0D288D1053006C2D6C /* Toast in Frameworks */,
				67C10A12288D3084006C2D6C /* IQKeyboardManagerSwift in Frameworks */,
			);
			runOnlyForDeploymentPostprocessing = 0;
		};
/* End PBXFrameworksBuildPhase section */

/* Begin PBXGroup section */
		67E59904288AA8EF00F0C676 = {
			isa = PBXGroup;
			children = (
				67E5990F288AA8EF00F0C676 /* Damagochi */,
				67E5990E288AA8EF00F0C676 /* Products */,
			);
			sourceTree = "<group>";
		};
		67E5990E288AA8EF00F0C676 /* Products */ = {
			isa = PBXGroup;
			children = (
				67E5990D288AA8EF00F0C676 /* Damagochi.app */,
			);
			name = Products;
			sourceTree = "<group>";
		};
		67E5990F288AA8EF00F0C676 /* Damagochi */ = {
			isa = PBXGroup;
			children = (
				67E59910288AA8EF00F0C676 /* AppDelegate.swift */,
				67E59912288AA8EF00F0C676 /* SceneDelegate.swift */,
				67E5992C288AC3A000F0C676 /* Model */,
				67E59927288AB55B00F0C676 /* View */,
				67E59926288AB54C00F0C676 /* Controller */,
				67E59919288AA8F100F0C676 /* Assets.xcassets */,
				67E5991B288AA8F100F0C676 /* LaunchScreen.storyboard */,
				67E5991E288AA8F100F0C676 /* Info.plist */,
			);
			path = Damagochi;
			sourceTree = "<group>";
		};
		67E59926288AB54C00F0C676 /* Controller */ = {
			isa = PBXGroup;
			children = (
				67E59924288AACD100F0C676 /* SelectCollectionViewController.swift */,
				67E59928288AB7B300F0C676 /* SelectCollectionViewCell.swift */,
				67D608CF288B854E008BFB3B /* StartPopupViewController.swift */,
				67D608D3288C95EA008BFB3B /* MainViewController.swift */,
				67BBFC19288D65FE00D3816B /* SettingTableViewController.swift */,
				67BBFC1B288D6EDD00D3816B /* NickNameSettingViewController.swift */,
			);
			path = Controller;
			sourceTree = "<group>";
		};
		67E59927288AB55B00F0C676 /* View */ = {
			isa = PBXGroup;
			children = (
				67E59916288AA8EF00F0C676 /* Main.storyboard */,
			);
			path = View;
			sourceTree = "<group>";
		};
		67E5992C288AC3A000F0C676 /* Model */ = {
			isa = PBXGroup;
			children = (
				67E5992A288AC38E00F0C676 /* Damagochi.swift */,
				67E5992D288AC57500F0C676 /* DamagochiInfo.swift */,
				67C10A13288D32E3006C2D6C /* DamagochiTalk.swift */,
				67E5992F288ACB5100F0C676 /* ColorSet.swift */,
				67D608D1288B8B11008BFB3B /* UILabel+Extension.swift */,
				67C10A07288CC7B5006C2D6C /* UITextField+Extension.swift */,
				67C10A09288CEC87006C2D6C /* UIButton+Extension.swift */,
				677AD91528978CDA007966A0 /* ReuseableViewProtocol.swift */,
				6765582528979D13006F3607 /* UserDefaultsManager.swift */,
			);
			path = Model;
			sourceTree = "<group>";
		};
/* End PBXGroup section */

/* Begin PBXNativeTarget section */
		67E5990C288AA8EF00F0C676 /* Damagochi */ = {
			isa = PBXNativeTarget;
			buildConfigurationList = 67E59921288AA8F100F0C676 /* Build configuration list for PBXNativeTarget "Damagochi" */;
			buildPhases = (
				67E59909288AA8EF00F0C676 /* Sources */,
				67E5990A288AA8EF00F0C676 /* Frameworks */,
				67E5990B288AA8EF00F0C676 /* Resources */,
			);
			buildRules = (
			);
			dependencies = (
			);
			name = Damagochi;
			packageProductDependencies = (
				67C10A0C288D1053006C2D6C /* Toast */,
				67C10A11288D3084006C2D6C /* IQKeyboardManagerSwift */,
			);
			productName = Damagochi;
			productReference = 67E5990D288AA8EF00F0C676 /* Damagochi.app */;
			productType = "com.apple.product-type.application";
		};
/* End PBXNativeTarget section */

/* Begin PBXProject section */
		67E59905288AA8EF00F0C676 /* Project object */ = {
			isa = PBXProject;
			attributes = {
				BuildIndependentTargetsInParallel = 1;
				LastSwiftUpdateCheck = 1340;
				LastUpgradeCheck = 1340;
				TargetAttributes = {
					67E5990C288AA8EF00F0C676 = {
						CreatedOnToolsVersion = 13.4.1;
					};
				};
			};
			buildConfigurationList = 67E59908288AA8EF00F0C676 /* Build configuration list for PBXProject "Damagochi" */;
			compatibilityVersion = "Xcode 13.0";
			developmentRegion = en;
			hasScannedForEncodings = 0;
			knownRegions = (
				en,
				Base,
			);
			mainGroup = 67E59904288AA8EF00F0C676;
			packageReferences = (
				67C10A0B288D1053006C2D6C /* XCRemoteSwiftPackageReference "Toast-Swift" */,
				67C10A10288D3084006C2D6C /* XCRemoteSwiftPackageReference "IQKeyboardManager" */,
			);
			productRefGroup = 67E5990E288AA8EF00F0C676 /* Products */;
			projectDirPath = "";
			projectRoot = "";
			targets = (
				67E5990C288AA8EF00F0C676 /* Damagochi */,
			);
		};
/* End PBXProject section */

/* Begin PBXResourcesBuildPhase section */
		67E5990B288AA8EF00F0C676 /* Resources */ = {
			isa = PBXResourcesBuildPhase;
			buildActionMask = 2147483647;
			files = (
				67E5991D288AA8F100F0C676 /* LaunchScreen.storyboard in Resources */,
				67E5991A288AA8F100F0C676 /* Assets.xcassets in Resources */,
				67E59918288AA8EF00F0C676 /* Main.storyboard in Resources */,
			);
			runOnlyForDeploymentPostprocessing = 0;
		};
/* End PBXResourcesBuildPhase section */

/* Begin PBXSourcesBuildPhase section */
		67E59909288AA8EF00F0C676 /* Sources */ = {
			isa = PBXSourcesBuildPhase;
			buildActionMask = 2147483647;
			files = (
				67BBFC1A288D65FE00D3816B /* SettingTableViewController.swift in Sources */,
				67E59929288AB7B300F0C676 /* SelectCollectionViewCell.swift in Sources */,
				67E59930288ACB5100F0C676 /* ColorSet.swift in Sources */,
				67D608D0288B854E008BFB3B /* StartPopupViewController.swift in Sources */,
				67E5992B288AC38E00F0C676 /* Damagochi.swift in Sources */,
				67C10A08288CC7B5006C2D6C /* UITextField+Extension.swift in Sources */,
				677AD91628978CDA007966A0 /* ReuseableViewProtocol.swift in Sources */,
				67BBFC1C288D6EDD00D3816B /* NickNameSettingViewController.swift in Sources */,
				67C10A0A288CEC87006C2D6C /* UIButton+Extension.swift in Sources */,
				6765582628979D13006F3607 /* UserDefaultsManager.swift in Sources */,
				67C10A14288D32E3006C2D6C /* DamagochiTalk.swift in Sources */,
				67E59925288AACD100F0C676 /* SelectCollectionViewController.swift in Sources */,
				67E59911288AA8EF00F0C676 /* AppDelegate.swift in Sources */,
				67E59913288AA8EF00F0C676 /* SceneDelegate.swift in Sources */,
				67D608D2288B8B11008BFB3B /* UILabel+Extension.swift in Sources */,
				67E5992E288AC57500F0C676 /* DamagochiInfo.swift in Sources */,
				67D608D4288C95EA008BFB3B /* MainViewController.swift in Sources */,
			);
			runOnlyForDeploymentPostprocessing = 0;
		};
/* End PBXSourcesBuildPhase section */

/* Begin PBXVariantGroup section */
		67E59916288AA8EF00F0C676 /* Main.storyboard */ = {
			isa = PBXVariantGroup;
			children = (
				67E59917288AA8EF00F0C676 /* Base */,
			);
			name = Main.storyboard;
			sourceTree = "<group>";
		};
		67E5991B288AA8F100F0C676 /* LaunchScreen.storyboard */ = {
			isa = PBXVariantGroup;
			children = (
				67E5991C288AA8F100F0C676 /* Base */,
			);
			name = LaunchScreen.storyboard;
			sourceTree = "<group>";
		};
/* End PBXVariantGroup section */

/* Begin XCBuildConfiguration section */
		67E5991F288AA8F100F0C676 /* Debug */ = {
			isa = XCBuildConfiguration;
			buildSettings = {
				ALWAYS_SEARCH_USER_PATHS = NO;
				CLANG_ANALYZER_NONNULL = YES;
				CLANG_ANALYZER_NUMBER_OBJECT_CONVERSION = YES_AGGRESSIVE;
				CLANG_CXX_LANGUAGE_STANDARD = "gnu++17";
				CLANG_ENABLE_MODULES = YES;
				CLANG_ENABLE_OBJC_ARC = YES;
				CLANG_ENABLE_OBJC_WEAK = YES;
				CLANG_WARN_BLOCK_CAPTURE_AUTORELEASING = YES;
				CLANG_WARN_BOOL_CONVERSION = YES;
				CLANG_WARN_COMMA = YES;
				CLANG_WARN_CONSTANT_CONVERSION = YES;
				CLANG_WARN_DEPRECATED_OBJC_IMPLEMENTATIONS = YES;
				CLANG_WARN_DIRECT_OBJC_ISA_USAGE = YES_ERROR;
				CLANG_WARN_DOCUMENTATION_COMMENTS = YES;
				CLANG_WARN_EMPTY_BODY = YES;
				CLANG_WARN_ENUM_CONVERSION = YES;
				CLANG_WARN_INFINITE_RECURSION = YES;
				CLANG_WARN_INT_CONVERSION = YES;
				CLANG_WARN_NON_LITERAL_NULL_CONVERSION = YES;
				CLANG_WARN_OBJC_IMPLICIT_RETAIN_SELF = YES;
				CLANG_WARN_OBJC_LITERAL_CONVERSION = YES;
				CLANG_WARN_OBJC_ROOT_CLASS = YES_ERROR;
				CLANG_WARN_QUOTED_INCLUDE_IN_FRAMEWORK_HEADER = YES;
				CLANG_WARN_RANGE_LOOP_ANALYSIS = YES;
				CLANG_WARN_STRICT_PROTOTYPES = YES;
				CLANG_WARN_SUSPICIOUS_MOVE = YES;
				CLANG_WARN_UNGUARDED_AVAILABILITY = YES_AGGRESSIVE;
				CLANG_WARN_UNREACHABLE_CODE = YES;
				CLANG_WARN__DUPLICATE_METHOD_MATCH = YES;
				COPY_PHASE_STRIP = NO;
				DEBUG_INFORMATION_FORMAT = dwarf;
				ENABLE_STRICT_OBJC_MSGSEND = YES;
				ENABLE_TESTABILITY = YES;
				GCC_C_LANGUAGE_STANDARD = gnu11;
				GCC_DYNAMIC_NO_PIC = NO;
				GCC_NO_COMMON_BLOCKS = YES;
				GCC_OPTIMIZATION_LEVEL = 0;
				GCC_PREPROCESSOR_DEFINITIONS = (
					"DEBUG=1",
					"$(inherited)",
				);
				GCC_WARN_64_TO_32_BIT_CONVERSION = YES;
				GCC_WARN_ABOUT_RETURN_TYPE = YES_ERROR;
				GCC_WARN_UNDECLARED_SELECTOR = YES;
				GCC_WARN_UNINITIALIZED_AUTOS = YES_AGGRESSIVE;
				GCC_WARN_UNUSED_FUNCTION = YES;
				GCC_WARN_UNUSED_VARIABLE = YES;
				IPHONEOS_DEPLOYMENT_TARGET = 15.5;
				MTL_ENABLE_DEBUG_INFO = INCLUDE_SOURCE;
				MTL_FAST_MATH = YES;
				ONLY_ACTIVE_ARCH = YES;
				SDKROOT = iphoneos;
				SWIFT_ACTIVE_COMPILATION_CONDITIONS = DEBUG;
				SWIFT_OPTIMIZATION_LEVEL = "-Onone";
			};
			name = Debug;
		};
		67E59920288AA8F100F0C676 /* Release */ = {
			isa = XCBuildConfiguration;
			buildSettings = {
				ALWAYS_SEARCH_USER_PATHS = NO;
				CLANG_ANALYZER_NONNULL = YES;
				CLANG_ANALYZER_NUMBER_OBJECT_CONVERSION = YES_AGGRESSIVE;
				CLANG_CXX_LANGUAGE_STANDARD = "gnu++17";
				CLANG_ENABLE_MODULES = YES;
				CLANG_ENABLE_OBJC_ARC = YES;
				CLANG_ENABLE_OBJC_WEAK = YES;
				CLANG_WARN_BLOCK_CAPTURE_AUTORELEASING = YES;
				CLANG_WARN_BOOL_CONVERSION = YES;
				CLANG_WARN_COMMA = YES;
				CLANG_WARN_CONSTANT_CONVERSION = YES;
				CLANG_WARN_DEPRECATED_OBJC_IMPLEMENTATIONS = YES;
				CLANG_WARN_DIRECT_OBJC_ISA_USAGE = YES_ERROR;
				CLANG_WARN_DOCUMENTATION_COMMENTS = YES;
				CLANG_WARN_EMPTY_BODY = YES;
				CLANG_WARN_ENUM_CONVERSION = YES;
				CLANG_WARN_INFINITE_RECURSION = YES;
				CLANG_WARN_INT_CONVERSION = YES;
				CLANG_WARN_NON_LITERAL_NULL_CONVERSION = YES;
				CLANG_WARN_OBJC_IMPLICIT_RETAIN_SELF = YES;
				CLANG_WARN_OBJC_LITERAL_CONVERSION = YES;
				CLANG_WARN_OBJC_ROOT_CLASS = YES_ERROR;
				CLANG_WARN_QUOTED_INCLUDE_IN_FRAMEWORK_HEADER = YES;
				CLANG_WARN_RANGE_LOOP_ANALYSIS = YES;
				CLANG_WARN_STRICT_PROTOTYPES = YES;
				CLANG_WARN_SUSPICIOUS_MOVE = YES;
				CLANG_WARN_UNGUARDED_AVAILABILITY = YES_AGGRESSIVE;
				CLANG_WARN_UNREACHABLE_CODE = YES;
				CLANG_WARN__DUPLICATE_METHOD_MATCH = YES;
				COPY_PHASE_STRIP = NO;
				DEBUG_INFORMATION_FORMAT = "dwarf-with-dsym";
				ENABLE_NS_ASSERTIONS = NO;
				ENABLE_STRICT_OBJC_MSGSEND = YES;
				GCC_C_LANGUAGE_STANDARD = gnu11;
				GCC_NO_COMMON_BLOCKS = YES;
				GCC_WARN_64_TO_32_BIT_CONVERSION = YES;
				GCC_WARN_ABOUT_RETURN_TYPE = YES_ERROR;
				GCC_WARN_UNDECLARED_SELECTOR = YES;
				GCC_WARN_UNINITIALIZED_AUTOS = YES_AGGRESSIVE;
				GCC_WARN_UNUSED_FUNCTION = YES;
				GCC_WARN_UNUSED_VARIABLE = YES;
				IPHONEOS_DEPLOYMENT_TARGET = 15.5;
				MTL_ENABLE_DEBUG_INFO = NO;
				MTL_FAST_MATH = YES;
				SDKROOT = iphoneos;
				SWIFT_COMPILATION_MODE = wholemodule;
				SWIFT_OPTIMIZATION_LEVEL = "-O";
				VALIDATE_PRODUCT = YES;
			};
			name = Release;
		};
		67E59922288AA8F100F0C676 /* Debug */ = {
			isa = XCBuildConfiguration;
			buildSettings = {
				ASSETCATALOG_COMPILER_APPICON_NAME = AppIcon;
				ASSETCATALOG_COMPILER_GLOBAL_ACCENT_COLOR_NAME = AccentColor;
				CODE_SIGN_STYLE = Automatic;
				CURRENT_PROJECT_VERSION = 1;
				DEVELOPMENT_TEAM = XXJ2YB9QP5;
				GENERATE_INFOPLIST_FILE = YES;
				INFOPLIST_FILE = Damagochi/Info.plist;
				INFOPLIST_KEY_CFBundleDisplayName = "최윤제";
				INFOPLIST_KEY_UIApplicationSupportsIndirectInputEvents = YES;
				INFOPLIST_KEY_UILaunchStoryboardName = LaunchScreen;
				INFOPLIST_KEY_UIMainStoryboardFile = Main;
				INFOPLIST_KEY_UISupportedInterfaceOrientations = UIInterfaceOrientationPortrait;
				INFOPLIST_KEY_UISupportedInterfaceOrientations_iPad = "UIInterfaceOrientationPortrait UIInterfaceOrientationPortraitUpsideDown UIInterfaceOrientationLandscapeLeft UIInterfaceOrientationLandscapeRight";
				INFOPLIST_KEY_UISupportedInterfaceOrientations_iPhone = "UIInterfaceOrientationPortrait UIInterfaceOrientationLandscapeLeft UIInterfaceOrientationLandscapeRight";
				IPHONEOS_DEPLOYMENT_TARGET = 15.0;
				LD_RUNPATH_SEARCH_PATHS = (
					"$(inherited)",
					"@executable_path/Frameworks",
				);
				MARKETING_VERSION = 1.0;
				PRODUCT_BUNDLE_IDENTIFIER = com.sesac.Damagochi;
				PRODUCT_NAME = "$(TARGET_NAME)";
				SWIFT_EMIT_LOC_STRINGS = YES;
				SWIFT_VERSION = 5.0;
				TARGETED_DEVICE_FAMILY = 1;
			};
			name = Debug;
		};
		67E59923288AA8F100F0C676 /* Release */ = {
			isa = XCBuildConfiguration;
			buildSettings = {
				ASSETCATALOG_COMPILER_APPICON_NAME = AppIcon;
				ASSETCATALOG_COMPILER_GLOBAL_ACCENT_COLOR_NAME = AccentColor;
				CODE_SIGN_STYLE = Automatic;
				CURRENT_PROJECT_VERSION = 1;
				DEVELOPMENT_TEAM = XXJ2YB9QP5;
				GENERATE_INFOPLIST_FILE = YES;
				INFOPLIST_FILE = Damagochi/Info.plist;
				INFOPLIST_KEY_CFBundleDisplayName = "최윤제";
				INFOPLIST_KEY_UIApplicationSupportsIndirectInputEvents = YES;
				INFOPLIST_KEY_UILaunchStoryboardName = LaunchScreen;
				INFOPLIST_KEY_UIMainStoryboardFile = Main;
				INFOPLIST_KEY_UISupportedInterfaceOrientations = UIInterfaceOrientationPortrait;
				INFOPLIST_KEY_UISupportedInterfaceOrientations_iPad = "UIInterfaceOrientationPortrait UIInterfaceOrientationPortraitUpsideDown UIInterfaceOrientationLandscapeLeft UIInterfaceOrientationLandscapeRight";
				INFOPLIST_KEY_UISupportedInterfaceOrientations_iPhone = "UIInterfaceOrientationPortrait UIInterfaceOrientationLandscapeLeft UIInterfaceOrientationLandscapeRight";
				IPHONEOS_DEPLOYMENT_TARGET = 15.0;
				LD_RUNPATH_SEARCH_PATHS = (
					"$(inherited)",
					"@executable_path/Frameworks",
				);
				MARKETING_VERSION = 1.0;
				PRODUCT_BUNDLE_IDENTIFIER = com.sesac.Damagochi;
				PRODUCT_NAME = "$(TARGET_NAME)";
				SWIFT_EMIT_LOC_STRINGS = YES;
				SWIFT_VERSION = 5.0;
				TARGETED_DEVICE_FAMILY = 1;
			};
			name = Release;
		};
/* End XCBuildConfiguration section */

/* Begin XCConfigurationList section */
		67E59908288AA8EF00F0C676 /* Build configuration list for PBXProject "Damagochi" */ = {
			isa = XCConfigurationList;
			buildConfigurations = (
				67E5991F288AA8F100F0C676 /* Debug */,
				67E59920288AA8F100F0C676 /* Release */,
			);
			defaultConfigurationIsVisible = 0;
			defaultConfigurationName = Release;
		};
		67E59921288AA8F100F0C676 /* Build configuration list for PBXNativeTarget "Damagochi" */ = {
			isa = XCConfigurationList;
			buildConfigurations = (
				67E59922288AA8F100F0C676 /* Debug */,
				67E59923288AA8F100F0C676 /* Release */,
			);
			defaultConfigurationIsVisible = 0;
			defaultConfigurationName = Release;
		};
/* End XCConfigurationList section */

/* Begin XCRemoteSwiftPackageReference section */
		67C10A0B288D1053006C2D6C /* XCRemoteSwiftPackageReference "Toast-Swift" */ = {
			isa = XCRemoteSwiftPackageReference;
			repositoryURL = "https://github.com/scalessec/Toast-Swift.git";
			requirement = {
				branch = master;
				kind = branch;
			};
		};
		67C10A10288D3084006C2D6C /* XCRemoteSwiftPackageReference "IQKeyboardManager" */ = {
			isa = XCRemoteSwiftPackageReference;
			repositoryURL = "https://github.com/hackiftekhar/IQKeyboardManager";
			requirement = {
				branch = master;
				kind = branch;
			};
		};
/* End XCRemoteSwiftPackageReference section */

/* Begin XCSwiftPackageProductDependency section */
		67C10A0C288D1053006C2D6C /* Toast */ = {
			isa = XCSwiftPackageProductDependency;
			package = 67C10A0B288D1053006C2D6C /* XCRemoteSwiftPackageReference "Toast-Swift" */;
			productName = Toast;
		};
		67C10A11288D3084006C2D6C /* IQKeyboardManagerSwift */ = {
			isa = XCSwiftPackageProductDependency;
			package = 67C10A10288D3084006C2D6C /* XCRemoteSwiftPackageReference "IQKeyboardManager" */;
			productName = IQKeyboardManagerSwift;
		};
/* End XCSwiftPackageProductDependency section */
	};
	rootObject = 67E59905288AA8EF00F0C676 /* Project object */;
}
